
Microsoft Visual Studio Solution File, Format Version 12.00
# Visual Studio 2013
VisualStudioVersion = 12.0.30501.0
MinimumVisualStudioVersion = 10.0.40219.1
Project("{FAE04EC0-301F-11D3-BF4B-00C04F79EFBC}") = "JunkCar.WebAPI", "JunkCar.WebAPI\JunkCar.WebAPI.csproj", "{F3D64031-7592-4161-9C37-3DF1564259C1}"
EndProject
Project("{FAE04EC0-301F-11D3-BF4B-00C04F79EFBC}") = "JunkCar.Presentation", "JunkCar.Presentation\JunkCar.Presentation.csproj", "{9853A332-7B43-427D-8AD3-2EF1A69EE945}"
EndProject
Project("{2150E333-8FDC-42A3-9474-1A3956D46DE8}") = "ApplicationLayer", "ApplicationLayer", "{15D101AA-7D6E-4582-80E7-9294A78BC8D2}"
EndProject
Project("{FAE04EC0-301F-11D3-BF4B-00C04F79EFBC}") = "JunkCar.DataModel", "JunkCar.DataModel\JunkCar.DataModel.csproj", "{7A51F964-3BBF-4116-820D-FDD550E29D8D}"
EndProject
Project("{2150E333-8FDC-42A3-9474-1A3956D46DE8}") = "CrossCutting", "CrossCutting", "{B2EE4D84-FFE5-485B-8FA8-C9AA71CD1C30}"
EndProject
Project("{FAE04EC0-301F-11D3-BF4B-00C04F79EFBC}") = "JunkCar.Core", "JunkCar.Core\JunkCar.Core.csproj", "{40C26F44-85EB-4111-937B-15A5A52785C6}"
EndProject
Project("{FAE04EC0-301F-11D3-BF4B-00C04F79EFBC}") = "JunkCar.Factory", "JunkCar.Factory\JunkCar.Factory.csproj", "{6B5B782D-CBB7-4E47-A358-E96B456367D2}"
EndProject
Project("{2150E333-8FDC-42A3-9474-1A3956D46DE8}") = "DomainLayer", "DomainLayer", "{0182DDD1-C045-4C8F-BB99-43CDDA1E592B}"
EndProject
Project("{FAE04EC0-301F-11D3-BF4B-00C04F79EFBC}") = "JunkCar.DomainModel", "JunkCar.DomainModel\JunkCar.DomainModel.csproj", "{8D2B789C-E219-4AE1-B5BE-D21116E7682A}"
EndProject
Project("{FAE04EC0-301F-11D3-BF4B-00C04F79EFBC}") = "JunkCar.DomainService", "JunkCar.DomainService\JunkCar.DomainService.csproj", "{40C07418-1146-4631-9258-03F474BA0C45}"
EndProject
Project("{2150E333-8FDC-42A3-9474-1A3956D46DE8}") = "InfrastructureLayer", "InfrastructureLayer", "{5D926E64-3CE2-475E-BF5E-458D53172705}"
EndProject
Project("{FAE04EC0-301F-11D3-BF4B-00C04F79EFBC}") = "JunkCar.Data", "JunkCar.Data\JunkCar.Data.csproj", "{F5AC5083-1C48-4495-9E62-CE18B29FE979}"
EndProject
Project("{FAE04EC0-301F-11D3-BF4B-00C04F79EFBC}") = "JunkCar.Repository", "JunkCar.Repository\JunkCar.Repository.csproj", "{70B117D7-3BED-4A10-BFCA-0E45B9D0645E}"
EndProject
Project("{FAE04EC0-301F-11D3-BF4B-00C04F79EFBC}") = "JunkCar.UnitOfWork", "JunkCar.UnitOfWork\JunkCar.UnitOfWork.csproj", "{637BBD90-5860-4827-987B-7A73E0296D31}"
EndProject
Project("{2150E333-8FDC-42A3-9474-1A3956D46DE8}") = "PresentationLayer", "PresentationLayer", "{378689BB-9E44-4419-8922-B0F17C841D44}"
EndProject
Global
	GlobalSection(SolutionConfigurationPlatforms) = preSolution
		Debug|Any CPU = Debug|Any CPU
		Release|Any CPU = Release|Any CPU
	EndGlobalSection
	GlobalSection(ProjectConfigurationPlatforms) = postSolution
		{F3D64031-7592-4161-9C37-3DF1564259C1}.Debug|Any CPU.ActiveCfg = Debug|Any CPU
		{F3D64031-7592-4161-9C37-3DF1564259C1}.Debug|Any CPU.Build.0 = Debug|Any CPU
		{F3D64031-7592-4161-9C37-3DF1564259C1}.Release|Any CPU.ActiveCfg = Release|Any CPU
		{F3D64031-7592-4161-9C37-3DF1564259C1}.Release|Any CPU.Build.0 = Release|Any CPU
		{9853A332-7B43-427D-8AD3-2EF1A69EE945}.Debug|Any CPU.ActiveCfg = Debug|Any CPU
		{9853A332-7B43-427D-8AD3-2EF1A69EE945}.Debug|Any CPU.Build.0 = Debug|Any CPU
		{9853A332-7B43-427D-8AD3-2EF1A69EE945}.Release|Any CPU.ActiveCfg = Release|Any CPU
		{9853A332-7B43-427D-8AD3-2EF1A69EE945}.Release|Any CPU.Build.0 = Release|Any CPU
		{7A51F964-3BBF-4116-820D-FDD550E29D8D}.Debug|Any CPU.ActiveCfg = Debug|Any CPU
		{7A51F964-3BBF-4116-820D-FDD550E29D8D}.Debug|Any CPU.Build.0 = Debug|Any CPU
		{7A51F964-3BBF-4116-820D-FDD550E29D8D}.Release|Any CPU.ActiveCfg = Release|Any CPU
		{7A51F964-3BBF-4116-820D-FDD550E29D8D}.Release|Any CPU.Build.0 = Release|Any CPU
		{40C26F44-85EB-4111-937B-15A5A52785C6}.Debug|Any CPU.ActiveCfg = Debug|Any CPU
		{40C26F44-85EB-4111-937B-15A5A52785C6}.Debug|Any CPU.Build.0 = Debug|Any CPU
		{40C26F44-85EB-4111-937B-15A5A52785C6}.Release|Any CPU.ActiveCfg = Release|Any CPU
		{40C26F44-85EB-4111-937B-15A5A52785C6}.Release|Any CPU.Build.0 = Release|Any CPU
		{6B5B782D-CBB7-4E47-A358-E96B456367D2}.Debug|Any CPU.ActiveCfg = Debug|Any CPU
		{6B5B782D-CBB7-4E47-A358-E96B456367D2}.Debug|Any CPU.Build.0 = Debug|Any CPU
		{6B5B782D-CBB7-4E47-A358-E96B456367D2}.Release|Any CPU.ActiveCfg = Release|Any CPU
		{6B5B782D-CBB7-4E47-A358-E96B456367D2}.Release|Any CPU.Build.0 = Release|Any CPU
		{8D2B789C-E219-4AE1-B5BE-D21116E7682A}.Debug|Any CPU.ActiveCfg = Debug|Any CPU
		{8D2B789C-E219-4AE1-B5BE-D21116E7682A}.Debug|Any CPU.Build.0 = Debug|Any CPU
		{8D2B789C-E219-4AE1-B5BE-D21116E7682A}.Release|Any CPU.ActiveCfg = Release|Any CPU
		{8D2B789C-E219-4AE1-B5BE-D21116E7682A}.Release|Any CPU.Build.0 = Release|Any CPU
		{40C07418-1146-4631-9258-03F474BA0C45}.Debug|Any CPU.ActiveCfg = Debug|Any CPU
		{40C07418-1146-4631-9258-03F474BA0C45}.Debug|Any CPU.Build.0 = Debug|Any CPU
		{40C07418-1146-4631-9258-03F474BA0C45}.Release|Any CPU.ActiveCfg = Release|Any CPU
		{40C07418-1146-4631-9258-03F474BA0C45}.Release|Any CPU.Build.0 = Release|Any CPU
		{F5AC5083-1C48-4495-9E62-CE18B29FE979}.Debug|Any CPU.ActiveCfg = Debug|Any CPU
		{F5AC5083-1C48-4495-9E62-CE18B29FE979}.Debug|Any CPU.Build.0 = Debug|Any CPU
		{F5AC5083-1C48-4495-9E62-CE18B29FE979}.Release|Any CPU.ActiveCfg = Release|Any CPU
		{F5AC5083-1C48-4495-9E62-CE18B29FE979}.Release|Any CPU.Build.0 = Release|Any CPU
		{70B117D7-3BED-4A10-BFCA-0E45B9D0645E}.Debug|Any CPU.ActiveCfg = Debug|Any CPU
		{70B117D7-3BED-4A10-BFCA-0E45B9D0645E}.Debug|Any CPU.Build.0 = Debug|Any CPU
		{70B117D7-3BED-4A10-BFCA-0E45B9D0645E}.Release|Any CPU.ActiveCfg = Release|Any CPU
		{70B117D7-3BED-4A10-BFCA-0E45B9D0645E}.Release|Any CPU.Build.0 = Release|Any CPU
		{637BBD90-5860-4827-987B-7A73E0296D31}.Debug|Any CPU.ActiveCfg = Debug|Any CPU
		{637BBD90-5860-4827-987B-7A73E0296D31}.Debug|Any CPU.Build.0 = Debug|Any CPU
		{637BBD90-5860-4827-987B-7A73E0296D31}.Release|Any CPU.ActiveCfg = Release|Any CPU
		{637BBD90-5860-4827-987B-7A73E0296D31}.Release|Any CPU.Build.0 = Release|Any CPU
	EndGlobalSection
	GlobalSection(SolutionProperties) = preSolution
		HideSolutionNode = FALSE
	EndGlobalSection
	GlobalSection(NestedProjects) = preSolution
		{F3D64031-7592-4161-9C37-3DF1564259C1} = {15D101AA-7D6E-4582-80E7-9294A78BC8D2}
		{9853A332-7B43-427D-8AD3-2EF1A69EE945} = {378689BB-9E44-4419-8922-B0F17C841D44}
		{7A51F964-3BBF-4116-820D-FDD550E29D8D} = {15D101AA-7D6E-4582-80E7-9294A78BC8D2}
		{40C26F44-85EB-4111-937B-15A5A52785C6} = {B2EE4D84-FFE5-485B-8FA8-C9AA71CD1C30}
		{6B5B782D-CBB7-4E47-A358-E96B456367D2} = {B2EE4D84-FFE5-485B-8FA8-C9AA71CD1C30}
		{8D2B789C-E219-4AE1-B5BE-D21116E7682A} = {0182DDD1-C045-4C8F-BB99-43CDDA1E592B}
		{40C07418-1146-4631-9258-03F474BA0C45} = {0182DDD1-C045-4C8F-BB99-43CDDA1E592B}
		{F5AC5083-1C48-4495-9E62-CE18B29FE979} = {5D926E64-3CE2-475E-BF5E-458D53172705}
		{70B117D7-3BED-4A10-BFCA-0E45B9D0645E} = {5D926E64-3CE2-475E-BF5E-458D53172705}
		{637BBD90-5860-4827-987B-7A73E0296D31} = {5D926E64-3CE2-475E-BF5E-458D53172705}
	EndGlobalSection
EndGlobal
